<?xml version="1.0" encoding="utf-8"?>
<Project ToolsVersion="4.0" xmlns="http://schemas.microsoft.com/developer/msbuild/2003">
  <ItemGroup>
    <Filter Include="Source Files">
      <UniqueIdentifier>{4FC737F1-C7A5-4376-A066-2A32D752A2FF}</UniqueIdentifier>
      <Extensions>cpp;c;cc;cxx;c++;cppm;ixx;def;odl;idl;hpj;bat;asm;asmx</Extensions>
    </Filter>
    <Filter Include="Header Files">
      <UniqueIdentifier>{93995380-89BD-4b04-88EB-625FBE52EBFB}</UniqueIdentifier>
      <Extensions>h;hh;hpp;hxx;h++;hm;inl;inc;ipp;xsd</Extensions>
    </Filter>
    <Filter Include="Resource Files">
      <UniqueIdentifier>{67DA6AB6-F800-4c08-8B7A-83BB121AAD01}</UniqueIdentifier>
      <Extensions>rc;ico;cur;bmp;dlg;rc2;rct;bin;rgs;gif;jpg;jpeg;jpe;resx;tiff;tif;png;wav;mfcribbon-ms</Extensions>
    </Filter>
    <Filter Include="Resource Files\grey">
      <UniqueIdentifier>{f0224742-f9ea-49f0-ac5e-fa3cba7e9b5c}</UniqueIdentifier>
    </Filter>
    <Filter Include="Resource Files\prey">
      <UniqueIdentifier>{7356a626-1505-40f7-9339-f35ab9cf1f6f}</UniqueIdentifier>
    </Filter>
    <Filter Include="Resource Files\arey">
      <UniqueIdentifier>{2241ff22-00f2-426a-b5c8-25b6334ba731}</UniqueIdentifier>
    </Filter>
  </ItemGroup>
  <ItemGroup>
    <ClCompile Include="main.cpp">
      <Filter>Source Files</Filter>
    </ClCompile>
    <ClCompile Include="dependencies\glad.c">
      <Filter>Resource Files</Filter>
    </ClCompile>
  </ItemGroup>
  <ItemGroup>
    <ClInclude Include="grey\Key.h">
      <Filter>Resource Files\grey</Filter>
    </ClInclude>
    <ClInclude Include="grey\Shader.h">
      <Filter>Resource Files\grey</Filter>
    </ClInclude>
    <ClInclude Include="grey\shaders.h">
      <Filter>Resource Files\grey</Filter>
    </ClInclude>
    <ClInclude Include="grey\VAO.h">
      <Filter>Resource Files\grey</Filter>
    </ClInclude>
    <ClInclude Include="grey\Window.h">
      <Filter>Resource Files\grey</Filter>
    </ClInclude>
    <ClInclude Include="grey\Window_Flags.h">
      <Filter>Resource Files\grey</Filter>
    </ClInclude>
    <ClInclude Include="grey\color.h">
      <Filter>Resource Files\grey</Filter>
    </ClInclude>
    <ClInclude Include="grey\grey.h">
      <Filter>Resource Files\grey</Filter>
    </ClInclude>
    <ClInclude Include="grey\c.a.m.e.r.a.h">
      <Filter>Resource Files\grey</Filter>
    </ClInclude>
    <ClInclude Include="grey\TexTurEoBjeCt.h.h">
      <Filter>Resource Files\grey</Filter>
    </ClInclude>
    <ClInclude Include="grey\T_1_M_3_R.h">
      <Filter>Resource Files\grey</Filter>
    </ClInclude>
    <ClInclude Include="prey\prey.h">
      <Filter>Resource Files\prey</Filter>
    </ClInclude>
    <ClInclude Include="grey\texture_parametersssss.h">
      <Filter>Resource Files\grey</Filter>
    </ClInclude>
    <ClInclude Include="arey\arey.h">
      <Filter>Resource Files\arey</Filter>
    </ClInclude>
    <ClInclude Include="mrey\mrey.h">
      <Filter>Header Files</Filter>
    </ClInclude>
  </ItemGroup>
</Project>